// !$*UTF8*$!
{
	archiveVersion = 1;
	classes = {
	};
	objectVersion = 56;
	objects = {

/* Begin PBXBuildFile section */
		79590F6B2A6A040E00AAA2D0 /* TVData.swift in Sources */ = {isa = PBXBuildFile; fileRef = 79590F6A2A6A040E00AAA2D0 /* TVData.swift */; };
		79590F6D2A6A395600AAA2D0 /* TvSeriesCell.swift in Sources */ = {isa = PBXBuildFile; fileRef = 79590F6C2A6A395600AAA2D0 /* TvSeriesCell.swift */; };
		79B040582A69B8A500C0F83C /* AppDelegate.swift in Sources */ = {isa = PBXBuildFile; fileRef = 79B040572A69B8A500C0F83C /* AppDelegate.swift */; };
		79B0405A2A69B8A500C0F83C /* SceneDelegate.swift in Sources */ = {isa = PBXBuildFile; fileRef = 79B040592A69B8A500C0F83C /* SceneDelegate.swift */; };
		79B0405C2A69B8A500C0F83C /* TvSeriesViewController.swift in Sources */ = {isa = PBXBuildFile; fileRef = 79B0405B2A69B8A500C0F83C /* TvSeriesViewController.swift */; };
		79B0405F2A69B8A500C0F83C /* Main.storyboard in Resources */ = {isa = PBXBuildFile; fileRef = 79B0405D2A69B8A500C0F83C /* Main.storyboard */; };
		79B040612A69B8A600C0F83C /* Assets.xcassets in Resources */ = {isa = PBXBuildFile; fileRef = 79B040602A69B8A600C0F83C /* Assets.xcassets */; };
		79B040642A69B8A600C0F83C /* LaunchScreen.storyboard in Resources */ = {isa = PBXBuildFile; fileRef = 79B040622A69B8A600C0F83C /* LaunchScreen.storyboard */; };
		79B0406E2A69D44900C0F83C /* TvSeriesManager.swift in Sources */ = {isa = PBXBuildFile; fileRef = 79B0406D2A69D44900C0F83C /* TvSeriesManager.swift */; };
/* End PBXBuildFile section */

/* Begin PBXFileReference section */
		79590F6A2A6A040E00AAA2D0 /* TVData.swift */ = {isa = PBXFileReference; lastKnownFileType = sourcecode.swift; path = TVData.swift; sourceTree = "<group>"; };
		79590F6C2A6A395600AAA2D0 /* TvSeriesCell.swift */ = {isa = PBXFileReference; lastKnownFileType = sourcecode.swift; path = TvSeriesCell.swift; sourceTree = "<group>"; };
		79B040542A69B8A500C0F83C /* ThirdAssignment.app */ = {isa = PBXFileReference; explicitFileType = wrapper.application; includeInIndex = 0; path = ThirdAssignment.app; sourceTree = BUILT_PRODUCTS_DIR; };
		79B040572A69B8A500C0F83C /* AppDelegate.swift */ = {isa = PBXFileReference; lastKnownFileType = sourcecode.swift; path = AppDelegate.swift; sourceTree = "<group>"; };
		79B040592A69B8A500C0F83C /* SceneDelegate.swift */ = {isa = PBXFileReference; lastKnownFileType = sourcecode.swift; path = SceneDelegate.swift; sourceTree = "<group>"; };
		79B0405B2A69B8A500C0F83C /* TvSeriesViewController.swift */ = {isa = PBXFileReference; lastKnownFileType = sourcecode.swift; path = TvSeriesViewController.swift; sourceTree = "<group>"; };
		79B0405E2A69B8A500C0F83C /* Base */ = {isa = PBXFileReference; lastKnownFileType = file.storyboard; name = Base; path = Base.lproj/Main.storyboard; sourceTree = "<group>"; };
		79B040602A69B8A600C0F83C /* Assets.xcassets */ = {isa = PBXFileReference; lastKnownFileType = folder.assetcatalog; path = Assets.xcassets; sourceTree = "<group>"; };
		79B040632A69B8A600C0F83C /* Base */ = {isa = PBXFileReference; lastKnownFileType = file.storyboard; name = Base; path = Base.lproj/LaunchScreen.storyboard; sourceTree = "<group>"; };
		79B040652A69B8A600C0F83C /* Info.plist */ = {isa = PBXFileReference; lastKnownFileType = text.plist.xml; path = Info.plist; sourceTree = "<group>"; };
		79B0406D2A69D44900C0F83C /* TvSeriesManager.swift */ = {isa = PBXFileReference; lastKnownFileType = sourcecode.swift; path = TvSeriesManager.swift; sourceTree = "<group>"; };
/* End PBXFileReference section */

/* Begin PBXFrameworksBuildPhase section */
		79B040512A69B8A500C0F83C /* Frameworks */ = {
			isa = PBXFrameworksBuildPhase;
			buildActionMask = 2147483647;
			files = (
			);
			runOnlyForDeploymentPostprocessing = 0;
		};
/* End PBXFrameworksBuildPhase section */

/* Begin PBXGroup section */
		79B0404B2A69B8A500C0F83C = {
			isa = PBXGroup;
			children = (
				79B040562A69B8A500C0F83C /* ThirdAssignment */,
				79B040552A69B8A500C0F83C /* Products */,
			);
			sourceTree = "<group>";
		};
		79B040552A69B8A500C0F83C /* Products */ = {
			isa = PBXGroup;
			children = (
				79B040542A69B8A500C0F83C /* ThirdAssignment.app */,
			);
			name = Products;
			sourceTree = "<group>";
		};
		79B040562A69B8A500C0F83C /* ThirdAssignment */ = {
			isa = PBXGroup;
			children = (
				79B0406C2A69D41F00C0F83C /* Model */,
				79B0406B2A69D2F600C0F83C /* Controller */,
				79B040572A69B8A500C0F83C /* AppDelegate.swift */,
				79B040592A69B8A500C0F83C /* SceneDelegate.swift */,
				79B0405D2A69B8A500C0F83C /* Main.storyboard */,
				79B040602A69B8A600C0F83C /* Assets.xcassets */,
				79B040622A69B8A600C0F83C /* LaunchScreen.storyboard */,
				79B040652A69B8A600C0F83C /* Info.plist */,
			);
			path = ThirdAssignment;
			sourceTree = "<group>";
		};
		79B0406B2A69D2F600C0F83C /* Controller */ = {
			isa = PBXGroup;
			children = (
				79B0405B2A69B8A500C0F83C /* TvSeriesViewController.swift */,
			);
			path = Controller;
			sourceTree = "<group>";
		};
		79B0406C2A69D41F00C0F83C /* Model */ = {
			isa = PBXGroup;
			children = (
				79B0406D2A69D44900C0F83C /* TvSeriesManager.swift */,
				79590F6A2A6A040E00AAA2D0 /* TVData.swift */,
				79590F6C2A6A395600AAA2D0 /* TvSeriesCell.swift */,
			);
			path = Model;
			sourceTree = "<group>";
		};
/* End PBXGroup section */

/* Begin PBXNativeTarget section */
		79B040532A69B8A500C0F83C /* ThirdAssignment */ = {
			isa = PBXNativeTarget;
			buildConfigurationList = 79B040682A69B8A600C0F83C /* Build configuration list for PBXNativeTarget "ThirdAssignment" */;
			buildPhases = (
				79B040502A69B8A500C0F83C /* Sources */,
				79B040512A69B8A500C0F83C /* Frameworks */,
				79B040522A69B8A500C0F83C /* Resources */,
			);
			buildRules = (
			);
			dependencies = (
			);
			name = ThirdAssignment;
			productName = ThirdAssignment;
			productReference = 79B040542A69B8A500C0F83C /* ThirdAssignment.app */;
			productType = "com.apple.product-type.application";
		};
/* End PBXNativeTarget section */

/* Begin PBXProject section */
		79B0404C2A69B8A500C0F83C /* Project object */ = {
			isa = PBXProject;
			attributes = {
				BuildIndependentTargetsInParallel = 1;
				LastSwiftUpdateCheck = 1430;
				LastUpgradeCheck = 1430;
				TargetAttributes = {
					79B040532A69B8A500C0F83C = {
						CreatedOnToolsVersion = 14.3.1;
					};
				};
			};
			buildConfigurationList = 79B0404F2A69B8A500C0F83C /* Build configuration list for PBXProject "ThirdAssignment" */;
			compatibilityVersion = "Xcode 14.0";
			developmentRegion = en;
			hasScannedForEncodings = 0;
			knownRegions = (
				en,
				Base,
			);
			mainGroup = 79B0404B2A69B8A500C0F83C;
			productRefGroup = 79B040552A69B8A500C0F83C /* Products */;
			projectDirPath = "";
			projectRoot = "";
			targets = (
				79B040532A69B8A500C0F83C /* ThirdAssignment */,
			);
		};
/* End PBXProject section */

/* Begin PBXResourcesBuildPhase section */
		79B040522A69B8A500C0F83C /* Resources */ = {
			isa = PBXResourcesBuildPhase;
			buildActionMask = 2147483647;
			files = (
				79B040642A69B8A600C0F83C /* LaunchScreen.storyboard in Resources */,
				79B040612A69B8A600C0F83C /* Assets.xcassets in Resources */,
				79B0405F2A69B8A500C0F83C /* Main.storyboard in Resources */,
			);
			runOnlyForDeploymentPostprocessing = 0;
		};
/* End PBXResourcesBuildPhase section */

/* Begin PBXSourcesBuildPhase section */
		79B040502A69B8A500C0F83C /* Sources */ = {
			isa = PBXSourcesBuildPhase;
			buildActionMask = 2147483647;
			files = (
				79590F6B2A6A040E00AAA2D0 /* TVData.swift in Sources */,
				79B0406E2A69D44900C0F83C /* TvSeriesManager.swift in Sources */,
				79590F6D2A6A395600AAA2D0 /* TvSeriesCell.swift in Sources */,
				79B0405C2A69B8A500C0F83C /* TvSeriesViewController.swift in Sources */,
				79B040582A69B8A500C0F83C /* AppDelegate.swift in Sources */,
				79B0405A2A69B8A500C0F83C /* SceneDelegate.swift in Sources */,
			);
			runOnlyForDeploymentPostprocessing = 0;
		};
/* End PBXSourcesBuildPhase section */

/* Begin PBXVariantGroup section */
		79B0405D2A69B8A500C0F83C /* Main.storyboard */ = {
			isa = PBXVariantGroup;
			children = (
				79B0405E2A69B8A500C0F83C /* Base */,
			);
			name = Main.storyboard;
			sourceTree = "<group>";
		};
		79B040622A69B8A600C0F83C /* LaunchScreen.storyboard */ = {
			isa = PBXVariantGroup;
			children = (
				79B040632A69B8A600C0F83C /* Base */,
			);
			name = LaunchScreen.storyboard;
			sourceTree = "<group>";
		};
/* End PBXVariantGroup section */

/* Begin XCBuildConfiguration section */
		79B040662A69B8A600C0F83C /* Debug */ = {
			isa = XCBuildConfiguration;
			buildSettings = {
				ALWAYS_SEARCH_USER_PATHS = NO;
				CLANG_ANALYZER_NONNULL = YES;
				CLANG_ANALYZER_NUMBER_OBJECT_CONVERSION = YES_AGGRESSIVE;
				CLANG_CXX_LANGUAGE_STANDARD = "gnu++20";
				CLANG_ENABLE_MODULES = YES;
				CLANG_ENABLE_OBJC_ARC = YES;
				CLANG_ENABLE_OBJC_WEAK = YES;
				CLANG_WARN_BLOCK_CAPTURE_AUTORELEASING = YES;
				CLANG_WARN_BOOL_CONVERSION = YES;
				CLANG_WARN_COMMA = YES;
				CLANG_WARN_CONSTANT_CONVERSION = YES;
				CLANG_WARN_DEPRECATED_OBJC_IMPLEMENTATIONS = YES;
				CLANG_WARN_DIRECT_OBJC_ISA_USAGE = YES_ERROR;
				CLANG_WARN_DOCUMENTATION_COMMENTS = YES;
				CLANG_WARN_EMPTY_BODY = YES;
				CLANG_WARN_ENUM_CONVERSION = YES;
				CLANG_WARN_INFINITE_RECURSION = YES;
				CLANG_WARN_INT_CONVERSION = YES;
				CLANG_WARN_NON_LITERAL_NULL_CONVERSION = YES;
				CLANG_WARN_OBJC_IMPLICIT_RETAIN_SELF = YES;
				CLANG_WARN_OBJC_LITERAL_CONVERSION = YES;
				CLANG_WARN_OBJC_ROOT_CLASS = YES_ERROR;
				CLANG_WARN_QUOTED_INCLUDE_IN_FRAMEWORK_HEADER = YES;
				CLANG_WARN_RANGE_LOOP_ANALYSIS = YES;
				CLANG_WARN_STRICT_PROTOTYPES = YES;
				CLANG_WARN_SUSPICIOUS_MOVE = YES;
				CLANG_WARN_UNGUARDED_AVAILABILITY = YES_AGGRESSIVE;
				CLANG_WARN_UNREACHABLE_CODE = YES;
				CLANG_WARN__DUPLICATE_METHOD_MATCH = YES;
				COPY_PHASE_STRIP = NO;
				DEBUG_INFORMATION_FORMAT = dwarf;
				ENABLE_STRICT_OBJC_MSGSEND = YES;
				ENABLE_TESTABILITY = YES;
				GCC_C_LANGUAGE_STANDARD = gnu11;
				GCC_DYNAMIC_NO_PIC = NO;
				GCC_NO_COMMON_BLOCKS = YES;
				GCC_OPTIMIZATION_LEVEL = 0;
				GCC_PREPROCESSOR_DEFINITIONS = (
					"DEBUG=1",
					"$(inherited)",
				);
				GCC_WARN_64_TO_32_BIT_CONVERSION = YES;
				GCC_WARN_ABOUT_RETURN_TYPE = YES_ERROR;
				GCC_WARN_UNDECLARED_SELECTOR = YES;
				GCC_WARN_UNINITIALIZED_AUTOS = YES_AGGRESSIVE;
				GCC_WARN_UNUSED_FUNCTION = YES;
				GCC_WARN_UNUSED_VARIABLE = YES;
				IPHONEOS_DEPLOYMENT_TARGET = 16.4;
				MTL_ENABLE_DEBUG_INFO = INCLUDE_SOURCE;
				MTL_FAST_MATH = YES;
				ONLY_ACTIVE_ARCH = YES;
				SDKROOT = iphoneos;
				SWIFT_ACTIVE_COMPILATION_CONDITIONS = DEBUG;
				SWIFT_OPTIMIZATION_LEVEL = "-Onone";
			};
			name = Debug;
		};
		79B040672A69B8A600C0F83C /* Release */ = {
			isa = XCBuildConfiguration;
			buildSettings = {
				ALWAYS_SEARCH_USER_PATHS = NO;
				CLANG_ANALYZER_NONNULL = YES;
				CLANG_ANALYZER_NUMBER_OBJECT_CONVERSION = YES_AGGRESSIVE;
				CLANG_CXX_LANGUAGE_STANDARD = "gnu++20";
				CLANG_ENABLE_MODULES = YES;
				CLANG_ENABLE_OBJC_ARC = YES;
				CLANG_ENABLE_OBJC_WEAK = YES;
				CLANG_WARN_BLOCK_CAPTURE_AUTORELEASING = YES;
				CLANG_WARN_BOOL_CONVERSION = YES;
				CLANG_WARN_COMMA = YES;
				CLANG_WARN_CONSTANT_CONVERSION = YES;
				CLANG_WARN_DEPRECATED_OBJC_IMPLEMENTATIONS = YES;
				CLANG_WARN_DIRECT_OBJC_ISA_USAGE = YES_ERROR;
				CLANG_WARN_DOCUMENTATION_COMMENTS = YES;
				CLANG_WARN_EMPTY_BODY = YES;
				CLANG_WARN_ENUM_CONVERSION = YES;
				CLANG_WARN_INFINITE_RECURSION = YES;
				CLANG_WARN_INT_CONVERSION = YES;
				CLANG_WARN_NON_LITERAL_NULL_CONVERSION = YES;
				CLANG_WARN_OBJC_IMPLICIT_RETAIN_SELF = YES;
				CLANG_WARN_OBJC_LITERAL_CONVERSION = YES;
				CLANG_WARN_OBJC_ROOT_CLASS = YES_ERROR;
				CLANG_WARN_QUOTED_INCLUDE_IN_FRAMEWORK_HEADER = YES;
				CLANG_WARN_RANGE_LOOP_ANALYSIS = YES;
				CLANG_WARN_STRICT_PROTOTYPES = YES;
				CLANG_WARN_SUSPICIOUS_MOVE = YES;
				CLANG_WARN_UNGUARDED_AVAILABILITY = YES_AGGRESSIVE;
				CLANG_WARN_UNREACHABLE_CODE = YES;
				CLANG_WARN__DUPLICATE_METHOD_MATCH = YES;
				COPY_PHASE_STRIP = NO;
				DEBUG_INFORMATION_FORMAT = "dwarf-with-dsym";
				ENABLE_NS_ASSERTIONS = NO;
				ENABLE_STRICT_OBJC_MSGSEND = YES;
				GCC_C_LANGUAGE_STANDARD = gnu11;
				GCC_NO_COMMON_BLOCKS = YES;
				GCC_WARN_64_TO_32_BIT_CONVERSION = YES;
				GCC_WARN_ABOUT_RETURN_TYPE = YES_ERROR;
				GCC_WARN_UNDECLARED_SELECTOR = YES;
				GCC_WARN_UNINITIALIZED_AUTOS = YES_AGGRESSIVE;
				GCC_WARN_UNUSED_FUNCTION = YES;
				GCC_WARN_UNUSED_VARIABLE = YES;
				IPHONEOS_DEPLOYMENT_TARGET = 16.4;
				MTL_ENABLE_DEBUG_INFO = NO;
				MTL_FAST_MATH = YES;
				SDKROOT = iphoneos;
				SWIFT_COMPILATION_MODE = wholemodule;
				SWIFT_OPTIMIZATION_LEVEL = "-O";
				VALIDATE_PRODUCT = YES;
			};
			name = Release;
		};
		79B040692A69B8A600C0F83C /* Debug */ = {
			isa = XCBuildConfiguration;
			buildSettings = {
				ASSETCATALOG_COMPILER_APPICON_NAME = AppIcon;
				ASSETCATALOG_COMPILER_GLOBAL_ACCENT_COLOR_NAME = AccentColor;
				CODE_SIGN_STYLE = Automatic;
				CURRENT_PROJECT_VERSION = 1;
				DEVELOPMENT_TEAM = DFCG9M3C4Q;
				GENERATE_INFOPLIST_FILE = YES;
				INFOPLIST_FILE = ThirdAssignment/Info.plist;
				INFOPLIST_KEY_UIApplicationSupportsIndirectInputEvents = YES;
				INFOPLIST_KEY_UILaunchStoryboardName = LaunchScreen;
				INFOPLIST_KEY_UIMainStoryboardFile = Main;
				INFOPLIST_KEY_UISupportedInterfaceOrientations_iPad = "UIInterfaceOrientationPortrait UIInterfaceOrientationPortraitUpsideDown UIInterfaceOrientationLandscapeLeft UIInterfaceOrientationLandscapeRight";
				INFOPLIST_KEY_UISupportedInterfaceOrientations_iPhone = "UIInterfaceOrientationPortrait UIInterfaceOrientationLandscapeLeft UIInterfaceOrientationLandscapeRight";
				LD_RUNPATH_SEARCH_PATHS = (
					"$(inherited)",
					"@executable_path/Frameworks",
				);
				MARKETING_VERSION = 1.0;
				PRODUCT_BUNDLE_IDENTIFIER = com.bahadirsensoz.ThirdAssignment;
				PRODUCT_NAME = "$(TARGET_NAME)";
				SWIFT_EMIT_LOC_STRINGS = YES;
				SWIFT_VERSION = 5.0;
				TARGETED_DEVICE_FAMILY = "1,2";
			};
			name = Debug;
		};
		79B0406A2A69B8A600C0F83C /* Release */ = {
			isa = XCBuildConfiguration;
			buildSettings = {
				ASSETCATALOG_COMPILER_APPICON_NAME = AppIcon;
				ASSETCATALOG_COMPILER_GLOBAL_ACCENT_COLOR_NAME = AccentColor;
				CODE_SIGN_STYLE = Automatic;
				CURRENT_PROJECT_VERSION = 1;
				DEVELOPMENT_TEAM = DFCG9M3C4Q;
				GENERATE_INFOPLIST_FILE = YES;
				INFOPLIST_FILE = ThirdAssignment/Info.plist;
				INFOPLIST_KEY_UIApplicationSupportsIndirectInputEvents = YES;
				INFOPLIST_KEY_UILaunchStoryboardName = LaunchScreen;
				INFOPLIST_KEY_UIMainStoryboardFile = Main;
				INFOPLIST_KEY_UISupportedInterfaceOrientations_iPad = "UIInterfaceOrientationPortrait UIInterfaceOrientationPortraitUpsideDown UIInterfaceOrientationLandscapeLeft UIInterfaceOrientationLandscapeRight";
				INFOPLIST_KEY_UISupportedInterfaceOrientations_iPhone = "UIInterfaceOrientationPortrait UIInterfaceOrientationLandscapeLeft UIInterfaceOrientationLandscapeRight";
				LD_RUNPATH_SEARCH_PATHS = (
					"$(inherited)",
					"@executable_path/Frameworks",
				);
				MARKETING_VERSION = 1.0;
				PRODUCT_BUNDLE_IDENTIFIER = com.bahadirsensoz.ThirdAssignment;
				PRODUCT_NAME = "$(TARGET_NAME)";
				SWIFT_EMIT_LOC_STRINGS = YES;
				SWIFT_VERSION = 5.0;
				TARGETED_DEVICE_FAMILY = "1,2";
			};
			name = Release;
		};
/* End XCBuildConfiguration section */

/* Begin XCConfigurationList section */
		79B0404F2A69B8A500C0F83C /* Build configuration list for PBXProject "ThirdAssignment" */ = {
			isa = XCConfigurationList;
			buildConfigurations = (
				79B040662A69B8A600C0F83C /* Debug */,
				79B040672A69B8A600C0F83C /* Release */,
			);
			defaultConfigurationIsVisible = 0;
			defaultConfigurationName = Release;
		};
		79B040682A69B8A600C0F83C /* Build configuration list for PBXNativeTarget "ThirdAssignment" */ = {
			isa = XCConfigurationList;
			buildConfigurations = (
				79B040692A69B8A600C0F83C /* Debug */,
				79B0406A2A69B8A600C0F83C /* Release */,
			);
			defaultConfigurationIsVisible = 0;
			defaultConfigurationName = Release;
		};
/* End XCConfigurationList section */
	};
	rootObject = 79B0404C2A69B8A500C0F83C /* Project object */;
}
